
Microsoft Visual Studio Solution File, Format Version 12.00
# Visual Studio Version 17
VisualStudioVersion = 17.3.32929.385
MinimumVisualStudioVersion = 10.0.40219.1
Project("{FAE04EC0-301F-11D3-BF4B-00C04F79EFBC}") = "Portal", "Portal\Portal.csproj", "{C763F79D-41D9-43C6-98B4-AF7C73299A66}"
EndProject
Global
	GlobalSection(SolutionConfigurationPlatforms) = preSolution
		Debug|Any CPU = Debug|Any CPU
		Release|Any CPU = Release|Any CPU
	EndGlobalSection
	GlobalSection(ProjectConfigurationPlatforms) = postSolution
		{C763F79D-41D9-43C6-98B4-AF7C73299A66}.Debug|Any CPU.ActiveCfg = Debug|Any CPU
		{C763F79D-41D9-43C6-98B4-AF7C73299A66}.Debug|Any CPU.Build.0 = Debug|Any CPU
		{C763F79D-41D9-43C6-98B4-AF7C73299A66}.Release|Any CPU.ActiveCfg = Release|Any CPU
		{C763F79D-41D9-43C6-98B4-AF7C73299A66}.Release|Any CPU.Build.0 = Release|Any CPU
	EndGlobalSection
	GlobalSection(SolutionProperties) = preSolution
		HideSolutionNode = FALSE
	EndGlobalSection
	GlobalSection(ExtensibilityGlobals) = postSolution
		SolutionGuid = {F96DADD9-84DC-463E-B9D6-F1DA1C31F91D}
	EndGlobalSection
EndGlobal
